
Microsoft Visual Studio Solution File, Format Version 12.00
# Visual Studio Version 16
VisualStudioVersion = 16.0.30907.101
MinimumVisualStudioVersion = 10.0.40219.1
Project("{FAE04EC0-301F-11D3-BF4B-00C04F79EFBC}") = "Conditional coin toss example with loops", "Conditional coin toss example with loops\Conditional coin toss example with loops.csproj", "{86E2CF64-571E-419A-B2A9-E531B960A642}"
EndProject
Global
	GlobalSection(SolutionConfigurationPlatforms) = preSolution
		Debug|Any CPU = Debug|Any CPU
		Release|Any CPU = Release|Any CPU
	EndGlobalSection
	GlobalSection(ProjectConfigurationPlatforms) = postSolution
		{86E2CF64-571E-419A-B2A9-E531B960A642}.Debug|Any CPU.ActiveCfg = Debug|Any CPU
		{86E2CF64-571E-419A-B2A9-E531B960A642}.Debug|Any CPU.Build.0 = Debug|Any CPU
		{86E2CF64-571E-419A-B2A9-E531B960A642}.Release|Any CPU.ActiveCfg = Release|Any CPU
		{86E2CF64-571E-419A-B2A9-E531B960A642}.Release|Any CPU.Build.0 = Release|Any CPU
	EndGlobalSection
	GlobalSection(SolutionProperties) = preSolution
		HideSolutionNode = FALSE
	EndGlobalSection
	GlobalSection(ExtensibilityGlobals) = postSolution
		SolutionGuid = {360CE284-0BE5-48D7-8BDA-0789289664B0}
	EndGlobalSection
EndGlobal
