
Microsoft Visual Studio Solution File, Format Version 12.00
# Visual Studio Version 16
VisualStudioVersion = 16.0.30907.101
MinimumVisualStudioVersion = 10.0.40219.1
Project("{FAE04EC0-301F-11D3-BF4B-00C04F79EFBC}") = "In class example - methods 3-31", "In class example - methods 3-31\In class example - methods 3-31.csproj", "{90D5FB30-C142-49C4-9A5D-8685AA3AA12E}"
EndProject
Project("{FAE04EC0-301F-11D3-BF4B-00C04F79EFBC}") = "participation methods", "participation methods\participation methods.csproj", "{67544D49-FBE8-410B-B0CF-0356D6089C42}"
EndProject
Global
	GlobalSection(SolutionConfigurationPlatforms) = preSolution
		Debug|Any CPU = Debug|Any CPU
		Release|Any CPU = Release|Any CPU
	EndGlobalSection
	GlobalSection(ProjectConfigurationPlatforms) = postSolution
		{90D5FB30-C142-49C4-9A5D-8685AA3AA12E}.Debug|Any CPU.ActiveCfg = Debug|Any CPU
		{90D5FB30-C142-49C4-9A5D-8685AA3AA12E}.Debug|Any CPU.Build.0 = Debug|Any CPU
		{90D5FB30-C142-49C4-9A5D-8685AA3AA12E}.Release|Any CPU.ActiveCfg = Release|Any CPU
		{90D5FB30-C142-49C4-9A5D-8685AA3AA12E}.Release|Any CPU.Build.0 = Release|Any CPU
		{67544D49-FBE8-410B-B0CF-0356D6089C42}.Debug|Any CPU.ActiveCfg = Debug|Any CPU
		{67544D49-FBE8-410B-B0CF-0356D6089C42}.Debug|Any CPU.Build.0 = Debug|Any CPU
		{67544D49-FBE8-410B-B0CF-0356D6089C42}.Release|Any CPU.ActiveCfg = Release|Any CPU
		{67544D49-FBE8-410B-B0CF-0356D6089C42}.Release|Any CPU.Build.0 = Release|Any CPU
	EndGlobalSection
	GlobalSection(SolutionProperties) = preSolution
		HideSolutionNode = FALSE
	EndGlobalSection
	GlobalSection(ExtensibilityGlobals) = postSolution
		SolutionGuid = {59F54C11-90FC-4AAB-B1F1-6D4268BD6FBC}
	EndGlobalSection
EndGlobal
