
Microsoft Visual Studio Solution File, Format Version 12.00
# Visual Studio Version 16
VisualStudioVersion = 16.0.30907.101
MinimumVisualStudioVersion = 10.0.40219.1
Project("{9A19103F-16F7-4668-BE54-9A1E7A4F7556}") = "Re do hW", "Re do hW\Re do hW.csproj", "{A07F5A17-4BD2-416E-B0E9-D83AB4658A44}"
EndProject
Project("{9A19103F-16F7-4668-BE54-9A1E7A4F7556}") = "redo student grade hw 1", "redo student grade hw 1\redo student grade hw 1.csproj", "{55138ADE-2D00-4E55-832D-DB1A00E23A43}"
EndProject
Project("{9A19103F-16F7-4668-BE54-9A1E7A4F7556}") = "Redo hw 2 grades", "Redo hw 2 grades\Redo hw 2 grades.csproj", "{7169F0CD-DF7C-4CD1-AB12-FAECC4537E0B}"
EndProject
Project("{FAE04EC0-301F-11D3-BF4B-00C04F79EFBC}") = "redo hw 2 trivia quiz", "redo hw 2 trivia quiz\redo hw 2 trivia quiz.csproj", "{3D00460B-E3E2-4967-B101-56B2A9317638}"
EndProject
Project("{FAE04EC0-301F-11D3-BF4B-00C04F79EFBC}") = "redo hw 3  calories to burn", "redo hw 3  calories to burn\redo hw 3  calories to burn.csproj", "{B5C1C07B-8168-43BD-9A40-38349C66BBCE}"
EndProject
Project("{FAE04EC0-301F-11D3-BF4B-00C04F79EFBC}") = "redo hw 3 tutor", "redo hw 3 tutor\redo hw 3 tutor.csproj", "{4FC6F22F-0D46-4055-9609-9A29554E5EB5}"
EndProject
Project("{FAE04EC0-301F-11D3-BF4B-00C04F79EFBC}") = "redo hw tuition", "redo hw tuition\redo hw tuition.csproj", "{37423C71-BAE3-4FF7-8191-95FA0942C475}"
EndProject
Project("{FAE04EC0-301F-11D3-BF4B-00C04F79EFBC}") = "redo hw 4  vowels and consonants", "redo hw 4  vowels and consonants\redo hw 4  vowels and consonants.csproj", "{1B8A8EE6-1EE4-4CE8-B475-62F190F62671}"
EndProject
Global
	GlobalSection(SolutionConfigurationPlatforms) = preSolution
		Debug|Any CPU = Debug|Any CPU
		Release|Any CPU = Release|Any CPU
	EndGlobalSection
	GlobalSection(ProjectConfigurationPlatforms) = postSolution
		{A07F5A17-4BD2-416E-B0E9-D83AB4658A44}.Debug|Any CPU.ActiveCfg = Debug|Any CPU
		{A07F5A17-4BD2-416E-B0E9-D83AB4658A44}.Debug|Any CPU.Build.0 = Debug|Any CPU
		{A07F5A17-4BD2-416E-B0E9-D83AB4658A44}.Release|Any CPU.ActiveCfg = Release|Any CPU
		{A07F5A17-4BD2-416E-B0E9-D83AB4658A44}.Release|Any CPU.Build.0 = Release|Any CPU
		{55138ADE-2D00-4E55-832D-DB1A00E23A43}.Debug|Any CPU.ActiveCfg = Debug|Any CPU
		{55138ADE-2D00-4E55-832D-DB1A00E23A43}.Debug|Any CPU.Build.0 = Debug|Any CPU
		{55138ADE-2D00-4E55-832D-DB1A00E23A43}.Release|Any CPU.ActiveCfg = Release|Any CPU
		{55138ADE-2D00-4E55-832D-DB1A00E23A43}.Release|Any CPU.Build.0 = Release|Any CPU
		{7169F0CD-DF7C-4CD1-AB12-FAECC4537E0B}.Debug|Any CPU.ActiveCfg = Debug|Any CPU
		{7169F0CD-DF7C-4CD1-AB12-FAECC4537E0B}.Debug|Any CPU.Build.0 = Debug|Any CPU
		{7169F0CD-DF7C-4CD1-AB12-FAECC4537E0B}.Release|Any CPU.ActiveCfg = Release|Any CPU
		{7169F0CD-DF7C-4CD1-AB12-FAECC4537E0B}.Release|Any CPU.Build.0 = Release|Any CPU
		{3D00460B-E3E2-4967-B101-56B2A9317638}.Debug|Any CPU.ActiveCfg = Debug|Any CPU
		{3D00460B-E3E2-4967-B101-56B2A9317638}.Debug|Any CPU.Build.0 = Debug|Any CPU
		{3D00460B-E3E2-4967-B101-56B2A9317638}.Release|Any CPU.ActiveCfg = Release|Any CPU
		{3D00460B-E3E2-4967-B101-56B2A9317638}.Release|Any CPU.Build.0 = Release|Any CPU
		{B5C1C07B-8168-43BD-9A40-38349C66BBCE}.Debug|Any CPU.ActiveCfg = Debug|Any CPU
		{B5C1C07B-8168-43BD-9A40-38349C66BBCE}.Debug|Any CPU.Build.0 = Debug|Any CPU
		{B5C1C07B-8168-43BD-9A40-38349C66BBCE}.Release|Any CPU.ActiveCfg = Release|Any CPU
		{B5C1C07B-8168-43BD-9A40-38349C66BBCE}.Release|Any CPU.Build.0 = Release|Any CPU
		{4FC6F22F-0D46-4055-9609-9A29554E5EB5}.Debug|Any CPU.ActiveCfg = Debug|Any CPU
		{4FC6F22F-0D46-4055-9609-9A29554E5EB5}.Debug|Any CPU.Build.0 = Debug|Any CPU
		{4FC6F22F-0D46-4055-9609-9A29554E5EB5}.Release|Any CPU.ActiveCfg = Release|Any CPU
		{4FC6F22F-0D46-4055-9609-9A29554E5EB5}.Release|Any CPU.Build.0 = Release|Any CPU
		{37423C71-BAE3-4FF7-8191-95FA0942C475}.Debug|Any CPU.ActiveCfg = Debug|Any CPU
		{37423C71-BAE3-4FF7-8191-95FA0942C475}.Debug|Any CPU.Build.0 = Debug|Any CPU
		{37423C71-BAE3-4FF7-8191-95FA0942C475}.Release|Any CPU.ActiveCfg = Release|Any CPU
		{37423C71-BAE3-4FF7-8191-95FA0942C475}.Release|Any CPU.Build.0 = Release|Any CPU
		{1B8A8EE6-1EE4-4CE8-B475-62F190F62671}.Debug|Any CPU.ActiveCfg = Debug|Any CPU
		{1B8A8EE6-1EE4-4CE8-B475-62F190F62671}.Debug|Any CPU.Build.0 = Debug|Any CPU
		{1B8A8EE6-1EE4-4CE8-B475-62F190F62671}.Release|Any CPU.ActiveCfg = Release|Any CPU
		{1B8A8EE6-1EE4-4CE8-B475-62F190F62671}.Release|Any CPU.Build.0 = Release|Any CPU
	EndGlobalSection
	GlobalSection(SolutionProperties) = preSolution
		HideSolutionNode = FALSE
	EndGlobalSection
	GlobalSection(ExtensibilityGlobals) = postSolution
		SolutionGuid = {2CB9FD97-8AB8-4177-8381-5ADFE8921AF7}
	EndGlobalSection
EndGlobal
