
Microsoft Visual Studio Solution File, Format Version 12.00
# Visual Studio Version 16
VisualStudioVersion = 16.0.30907.101
MinimumVisualStudioVersion = 10.0.40219.1
Project("{FAE04EC0-301F-11D3-BF4B-00C04F79EFBC}") = "Participation Functions Calculator", "Participation Functions Calculator\Participation Functions Calculator.csproj", "{6972124B-2FBF-47A3-8153-D3EC066A5C4C}"
EndProject
Global
	GlobalSection(SolutionConfigurationPlatforms) = preSolution
		Debug|Any CPU = Debug|Any CPU
		Release|Any CPU = Release|Any CPU
	EndGlobalSection
	GlobalSection(ProjectConfigurationPlatforms) = postSolution
		{6972124B-2FBF-47A3-8153-D3EC066A5C4C}.Debug|Any CPU.ActiveCfg = Debug|Any CPU
		{6972124B-2FBF-47A3-8153-D3EC066A5C4C}.Debug|Any CPU.Build.0 = Debug|Any CPU
		{6972124B-2FBF-47A3-8153-D3EC066A5C4C}.Release|Any CPU.ActiveCfg = Release|Any CPU
		{6972124B-2FBF-47A3-8153-D3EC066A5C4C}.Release|Any CPU.Build.0 = Release|Any CPU
	EndGlobalSection
	GlobalSection(SolutionProperties) = preSolution
		HideSolutionNode = FALSE
	EndGlobalSection
	GlobalSection(ExtensibilityGlobals) = postSolution
		SolutionGuid = {1ED5B99A-AB24-420A-9C89-C8257AC86476}
	EndGlobalSection
EndGlobal
