
Microsoft Visual Studio Solution File, Format Version 12.00
# Visual Studio Version 16
VisualStudioVersion = 16.0.30907.101
MinimumVisualStudioVersion = 10.0.40219.1
Project("{FAE04EC0-301F-11D3-BF4B-00C04F79EFBC}") = "In class example - Classes", "In class example - Classes\In class example - Classes.csproj", "{4AE2F5AC-0FA6-440A-831E-DC3E044B7F75}"
EndProject
Global
	GlobalSection(SolutionConfigurationPlatforms) = preSolution
		Debug|Any CPU = Debug|Any CPU
		Release|Any CPU = Release|Any CPU
	EndGlobalSection
	GlobalSection(ProjectConfigurationPlatforms) = postSolution
		{4AE2F5AC-0FA6-440A-831E-DC3E044B7F75}.Debug|Any CPU.ActiveCfg = Debug|Any CPU
		{4AE2F5AC-0FA6-440A-831E-DC3E044B7F75}.Debug|Any CPU.Build.0 = Debug|Any CPU
		{4AE2F5AC-0FA6-440A-831E-DC3E044B7F75}.Release|Any CPU.ActiveCfg = Release|Any CPU
		{4AE2F5AC-0FA6-440A-831E-DC3E044B7F75}.Release|Any CPU.Build.0 = Release|Any CPU
	EndGlobalSection
	GlobalSection(SolutionProperties) = preSolution
		HideSolutionNode = FALSE
	EndGlobalSection
	GlobalSection(ExtensibilityGlobals) = postSolution
		SolutionGuid = {ABF1C552-115A-4A05-98FD-4143F80EF467}
	EndGlobalSection
EndGlobal
