
Microsoft Visual Studio Solution File, Format Version 12.00
# Visual Studio Version 16
VisualStudioVersion = 16.0.30907.101
MinimumVisualStudioVersion = 10.0.40219.1
Project("{FAE04EC0-301F-11D3-BF4B-00C04F79EFBC}") = "Variables Inputs Conversions Example", "Variables Inputs Conversions Example\Variables Inputs Conversions Example.csproj", "{755D6E93-A1BC-427C-862A-CC8BD82A805E}"
EndProject
Global
	GlobalSection(SolutionConfigurationPlatforms) = preSolution
		Debug|Any CPU = Debug|Any CPU
		Release|Any CPU = Release|Any CPU
	EndGlobalSection
	GlobalSection(ProjectConfigurationPlatforms) = postSolution
		{755D6E93-A1BC-427C-862A-CC8BD82A805E}.Debug|Any CPU.ActiveCfg = Debug|Any CPU
		{755D6E93-A1BC-427C-862A-CC8BD82A805E}.Debug|Any CPU.Build.0 = Debug|Any CPU
		{755D6E93-A1BC-427C-862A-CC8BD82A805E}.Release|Any CPU.ActiveCfg = Release|Any CPU
		{755D6E93-A1BC-427C-862A-CC8BD82A805E}.Release|Any CPU.Build.0 = Release|Any CPU
	EndGlobalSection
	GlobalSection(SolutionProperties) = preSolution
		HideSolutionNode = FALSE
	EndGlobalSection
	GlobalSection(ExtensibilityGlobals) = postSolution
		SolutionGuid = {DF83650E-DD57-443F-8318-6BA5D71D31D3}
	EndGlobalSection
EndGlobal
