
Microsoft Visual Studio Solution File, Format Version 12.00
# Visual Studio Version 16
VisualStudioVersion = 16.0.30907.101
MinimumVisualStudioVersion = 10.0.40219.1
Project("{FAE04EC0-301F-11D3-BF4B-00C04F79EFBC}") = "In class exam 4-5", "In class exam 4-5\In class exam 4-5.csproj", "{47988D34-D9B9-433D-9F16-65974066AF0B}"
EndProject
Global
	GlobalSection(SolutionConfigurationPlatforms) = preSolution
		Debug|Any CPU = Debug|Any CPU
		Release|Any CPU = Release|Any CPU
	EndGlobalSection
	GlobalSection(ProjectConfigurationPlatforms) = postSolution
		{47988D34-D9B9-433D-9F16-65974066AF0B}.Debug|Any CPU.ActiveCfg = Debug|Any CPU
		{47988D34-D9B9-433D-9F16-65974066AF0B}.Debug|Any CPU.Build.0 = Debug|Any CPU
		{47988D34-D9B9-433D-9F16-65974066AF0B}.Release|Any CPU.ActiveCfg = Release|Any CPU
		{47988D34-D9B9-433D-9F16-65974066AF0B}.Release|Any CPU.Build.0 = Release|Any CPU
	EndGlobalSection
	GlobalSection(SolutionProperties) = preSolution
		HideSolutionNode = FALSE
	EndGlobalSection
	GlobalSection(ExtensibilityGlobals) = postSolution
		SolutionGuid = {C84BBD58-D76F-4569-BB43-C94953D5EE29}
	EndGlobalSection
EndGlobal
