
Microsoft Visual Studio Solution File, Format Version 12.00
# Visual Studio Version 16
VisualStudioVersion = 16.0.30907.101
MinimumVisualStudioVersion = 10.0.40219.1
Project("{FAE04EC0-301F-11D3-BF4B-00C04F79EFBC}") = "File sample reading", "File sample reading\File sample reading.csproj", "{0684B0C8-BF75-48D7-801F-02439E85E0FB}"
EndProject
Global
	GlobalSection(SolutionConfigurationPlatforms) = preSolution
		Debug|Any CPU = Debug|Any CPU
		Release|Any CPU = Release|Any CPU
	EndGlobalSection
	GlobalSection(ProjectConfigurationPlatforms) = postSolution
		{0684B0C8-BF75-48D7-801F-02439E85E0FB}.Debug|Any CPU.ActiveCfg = Debug|Any CPU
		{0684B0C8-BF75-48D7-801F-02439E85E0FB}.Debug|Any CPU.Build.0 = Debug|Any CPU
		{0684B0C8-BF75-48D7-801F-02439E85E0FB}.Release|Any CPU.ActiveCfg = Release|Any CPU
		{0684B0C8-BF75-48D7-801F-02439E85E0FB}.Release|Any CPU.Build.0 = Release|Any CPU
	EndGlobalSection
	GlobalSection(SolutionProperties) = preSolution
		HideSolutionNode = FALSE
	EndGlobalSection
	GlobalSection(ExtensibilityGlobals) = postSolution
		SolutionGuid = {8E708F33-123E-45E8-83F3-FA1CE2BFD574}
	EndGlobalSection
EndGlobal
