
Microsoft Visual Studio Solution File, Format Version 12.00
# Visual Studio Version 16
VisualStudioVersion = 16.0.30907.101
MinimumVisualStudioVersion = 10.0.40219.1
Project("{FAE04EC0-301F-11D3-BF4B-00C04F79EFBC}") = "Participation Feb 8", "Participation Feb 8\Participation Feb 8.csproj", "{98CBFA75-788B-4B4B-B797-D4398CA075F7}"
EndProject
Global
	GlobalSection(SolutionConfigurationPlatforms) = preSolution
		Debug|Any CPU = Debug|Any CPU
		Release|Any CPU = Release|Any CPU
	EndGlobalSection
	GlobalSection(ProjectConfigurationPlatforms) = postSolution
		{98CBFA75-788B-4B4B-B797-D4398CA075F7}.Debug|Any CPU.ActiveCfg = Debug|Any CPU
		{98CBFA75-788B-4B4B-B797-D4398CA075F7}.Debug|Any CPU.Build.0 = Debug|Any CPU
		{98CBFA75-788B-4B4B-B797-D4398CA075F7}.Release|Any CPU.ActiveCfg = Release|Any CPU
		{98CBFA75-788B-4B4B-B797-D4398CA075F7}.Release|Any CPU.Build.0 = Release|Any CPU
	EndGlobalSection
	GlobalSection(SolutionProperties) = preSolution
		HideSolutionNode = FALSE
	EndGlobalSection
	GlobalSection(ExtensibilityGlobals) = postSolution
		SolutionGuid = {12D17C3F-2CBF-412A-8684-1E8FB901B527}
	EndGlobalSection
EndGlobal
